// !$*UTF8*$!
{
	archiveVersion = 1;
	classes = {
	};
	objectVersion = 55;
	objects = {

/* Begin PBXBuildFile section */
		CCC5E642282992460079D0C4 /* AppDelegate.swift in Sources */ = {isa = PBXBuildFile; fileRef = CCC5E641282992460079D0C4 /* AppDelegate.swift */; };
		CCC5E644282992460079D0C4 /* SceneDelegate.swift in Sources */ = {isa = PBXBuildFile; fileRef = CCC5E643282992460079D0C4 /* SceneDelegate.swift */; };
		CCC5E646282992460079D0C4 /* ViewController.swift in Sources */ = {isa = PBXBuildFile; fileRef = CCC5E645282992460079D0C4 /* ViewController.swift */; };
		CCC5E649282992460079D0C4 /* Main.storyboard in Resources */ = {isa = PBXBuildFile; fileRef = CCC5E647282992460079D0C4 /* Main.storyboard */; };
		CCC5E64B282992480079D0C4 /* Assets.xcassets in Resources */ = {isa = PBXBuildFile; fileRef = CCC5E64A282992480079D0C4 /* Assets.xcassets */; };
		CCC5E64E282992480079D0C4 /* LaunchScreen.storyboard in Resources */ = {isa = PBXBuildFile; fileRef = CCC5E64C282992480079D0C4 /* LaunchScreen.storyboard */; };
		CCC5E659282992490079D0C4 /* NanoMachineLearningTests.swift in Sources */ = {isa = PBXBuildFile; fileRef = CCC5E658282992490079D0C4 /* NanoMachineLearningTests.swift */; };
		CCC5E663282992490079D0C4 /* NanoMachineLearningUITests.swift in Sources */ = {isa = PBXBuildFile; fileRef = CCC5E662282992490079D0C4 /* NanoMachineLearningUITests.swift */; };
		CCC5E665282992490079D0C4 /* NanoMachineLearningUITestsLaunchTests.swift in Sources */ = {isa = PBXBuildFile; fileRef = CCC5E664282992490079D0C4 /* NanoMachineLearningUITestsLaunchTests.swift */; };
/* End PBXBuildFile section */

/* Begin PBXContainerItemProxy section */
		CCC5E655282992490079D0C4 /* PBXContainerItemProxy */ = {
			isa = PBXContainerItemProxy;
			containerPortal = CCC5E636282992460079D0C4 /* Project object */;
			proxyType = 1;
			remoteGlobalIDString = CCC5E63D282992460079D0C4;
			remoteInfo = NanoMachineLearning;
		};
		CCC5E65F282992490079D0C4 /* PBXContainerItemProxy */ = {
			isa = PBXContainerItemProxy;
			containerPortal = CCC5E636282992460079D0C4 /* Project object */;
			proxyType = 1;
			remoteGlobalIDString = CCC5E63D282992460079D0C4;
			remoteInfo = NanoMachineLearning;
		};
/* End PBXContainerItemProxy section */

/* Begin PBXFileReference section */
		CCC5E63E282992460079D0C4 /* NanoMachineLearning.app */ = {isa = PBXFileReference; explicitFileType = wrapper.application; includeInIndex = 0; path = NanoMachineLearning.app; sourceTree = BUILT_PRODUCTS_DIR; };
		CCC5E641282992460079D0C4 /* AppDelegate.swift */ = {isa = PBXFileReference; lastKnownFileType = sourcecode.swift; path = AppDelegate.swift; sourceTree = "<group>"; };
		CCC5E643282992460079D0C4 /* SceneDelegate.swift */ = {isa = PBXFileReference; lastKnownFileType = sourcecode.swift; path = SceneDelegate.swift; sourceTree = "<group>"; };
		CCC5E645282992460079D0C4 /* ViewController.swift */ = {isa = PBXFileReference; lastKnownFileType = sourcecode.swift; path = ViewController.swift; sourceTree = "<group>"; };
		CCC5E648282992460079D0C4 /* Base */ = {isa = PBXFileReference; lastKnownFileType = file.storyboard; name = Base; path = Base.lproj/Main.storyboard; sourceTree = "<group>"; };
		CCC5E64A282992480079D0C4 /* Assets.xcassets */ = {isa = PBXFileReference; lastKnownFileType = folder.assetcatalog; path = Assets.xcassets; sourceTree = "<group>"; };
		CCC5E64D282992480079D0C4 /* Base */ = {isa = PBXFileReference; lastKnownFileType = file.storyboard; name = Base; path = Base.lproj/LaunchScreen.storyboard; sourceTree = "<group>"; };
		CCC5E64F282992480079D0C4 /* Info.plist */ = {isa = PBXFileReference; lastKnownFileType = text.plist.xml; path = Info.plist; sourceTree = "<group>"; };
		CCC5E654282992490079D0C4 /* NanoMachineLearningTests.xctest */ = {isa = PBXFileReference; explicitFileType = wrapper.cfbundle; includeInIndex = 0; path = NanoMachineLearningTests.xctest; sourceTree = BUILT_PRODUCTS_DIR; };
		CCC5E658282992490079D0C4 /* NanoMachineLearningTests.swift */ = {isa = PBXFileReference; lastKnownFileType = sourcecode.swift; path = NanoMachineLearningTests.swift; sourceTree = "<group>"; };
		CCC5E65E282992490079D0C4 /* NanoMachineLearningUITests.xctest */ = {isa = PBXFileReference; explicitFileType = wrapper.cfbundle; includeInIndex = 0; path = NanoMachineLearningUITests.xctest; sourceTree = BUILT_PRODUCTS_DIR; };
		CCC5E662282992490079D0C4 /* NanoMachineLearningUITests.swift */ = {isa = PBXFileReference; lastKnownFileType = sourcecode.swift; path = NanoMachineLearningUITests.swift; sourceTree = "<group>"; };
		CCC5E664282992490079D0C4 /* NanoMachineLearningUITestsLaunchTests.swift */ = {isa = PBXFileReference; lastKnownFileType = sourcecode.swift; path = NanoMachineLearningUITestsLaunchTests.swift; sourceTree = "<group>"; };
/* End PBXFileReference section */

/* Begin PBXFrameworksBuildPhase section */
		CCC5E63B282992460079D0C4 /* Frameworks */ = {
			isa = PBXFrameworksBuildPhase;
			buildActionMask = 2147483647;
			files = (
			);
			runOnlyForDeploymentPostprocessing = 0;
		};
		CCC5E651282992490079D0C4 /* Frameworks */ = {
			isa = PBXFrameworksBuildPhase;
			buildActionMask = 2147483647;
			files = (
			);
			runOnlyForDeploymentPostprocessing = 0;
		};
		CCC5E65B282992490079D0C4 /* Frameworks */ = {
			isa = PBXFrameworksBuildPhase;
			buildActionMask = 2147483647;
			files = (
			);
			runOnlyForDeploymentPostprocessing = 0;
		};
/* End PBXFrameworksBuildPhase section */

/* Begin PBXGroup section */
		CCC5E635282992460079D0C4 = {
			isa = PBXGroup;
			children = (
				CCC5E640282992460079D0C4 /* NanoMachineLearning */,
				CCC5E657282992490079D0C4 /* NanoMachineLearningTests */,
				CCC5E661282992490079D0C4 /* NanoMachineLearningUITests */,
				CCC5E63F282992460079D0C4 /* Products */,
			);
			sourceTree = "<group>";
		};
		CCC5E63F282992460079D0C4 /* Products */ = {
			isa = PBXGroup;
			children = (
				CCC5E63E282992460079D0C4 /* NanoMachineLearning.app */,
				CCC5E654282992490079D0C4 /* NanoMachineLearningTests.xctest */,
				CCC5E65E282992490079D0C4 /* NanoMachineLearningUITests.xctest */,
			);
			name = Products;
			sourceTree = "<group>";
		};
		CCC5E640282992460079D0C4 /* NanoMachineLearning */ = {
			isa = PBXGroup;
			children = (
				CCC5E641282992460079D0C4 /* AppDelegate.swift */,
				CCC5E643282992460079D0C4 /* SceneDelegate.swift */,
				CCC5E645282992460079D0C4 /* ViewController.swift */,
				CCC5E647282992460079D0C4 /* Main.storyboard */,
				CCC5E64A282992480079D0C4 /* Assets.xcassets */,
				CCC5E64C282992480079D0C4 /* LaunchScreen.storyboard */,
				CCC5E64F282992480079D0C4 /* Info.plist */,
			);
			path = NanoMachineLearning;
			sourceTree = "<group>";
		};
		CCC5E657282992490079D0C4 /* NanoMachineLearningTests */ = {
			isa = PBXGroup;
			children = (
				CCC5E658282992490079D0C4 /* NanoMachineLearningTests.swift */,
			);
			path = NanoMachineLearningTests;
			sourceTree = "<group>";
		};
		CCC5E661282992490079D0C4 /* NanoMachineLearningUITests */ = {
			isa = PBXGroup;
			children = (
				CCC5E662282992490079D0C4 /* NanoMachineLearningUITests.swift */,
				CCC5E664282992490079D0C4 /* NanoMachineLearningUITestsLaunchTests.swift */,
			);
			path = NanoMachineLearningUITests;
			sourceTree = "<group>";
		};
/* End PBXGroup section */

/* Begin PBXNativeTarget section */
		CCC5E63D282992460079D0C4 /* NanoMachineLearning */ = {
			isa = PBXNativeTarget;
			buildConfigurationList = CCC5E668282992490079D0C4 /* Build configuration list for PBXNativeTarget "NanoMachineLearning" */;
			buildPhases = (
				CCC5E63A282992460079D0C4 /* Sources */,
				CCC5E63B282992460079D0C4 /* Frameworks */,
				CCC5E63C282992460079D0C4 /* Resources */,
			);
			buildRules = (
			);
			dependencies = (
			);
			name = NanoMachineLearning;
			productName = NanoMachineLearning;
			productReference = CCC5E63E282992460079D0C4 /* NanoMachineLearning.app */;
			productType = "com.apple.product-type.application";
		};
		CCC5E653282992490079D0C4 /* NanoMachineLearningTests */ = {
			isa = PBXNativeTarget;
			buildConfigurationList = CCC5E66B282992490079D0C4 /* Build configuration list for PBXNativeTarget "NanoMachineLearningTests" */;
			buildPhases = (
				CCC5E650282992490079D0C4 /* Sources */,
				CCC5E651282992490079D0C4 /* Frameworks */,
				CCC5E652282992490079D0C4 /* Resources */,
			);
			buildRules = (
			);
			dependencies = (
				CCC5E656282992490079D0C4 /* PBXTargetDependency */,
			);
			name = NanoMachineLearningTests;
			productName = NanoMachineLearningTests;
			productReference = CCC5E654282992490079D0C4 /* NanoMachineLearningTests.xctest */;
			productType = "com.apple.product-type.bundle.unit-test";
		};
		CCC5E65D282992490079D0C4 /* NanoMachineLearningUITests */ = {
			isa = PBXNativeTarget;
			buildConfigurationList = CCC5E66E282992490079D0C4 /* Build configuration list for PBXNativeTarget "NanoMachineLearningUITests" */;
			buildPhases = (
				CCC5E65A282992490079D0C4 /* Sources */,
				CCC5E65B282992490079D0C4 /* Frameworks */,
				CCC5E65C282992490079D0C4 /* Resources */,
			);
			buildRules = (
			);
			dependencies = (
				CCC5E660282992490079D0C4 /* PBXTargetDependency */,
			);
			name = NanoMachineLearningUITests;
			productName = NanoMachineLearningUITests;
			productReference = CCC5E65E282992490079D0C4 /* NanoMachineLearningUITests.xctest */;
			productType = "com.apple.product-type.bundle.ui-testing";
		};
/* End PBXNativeTarget section */

/* Begin PBXProject section */
		CCC5E636282992460079D0C4 /* Project object */ = {
			isa = PBXProject;
			attributes = {
				BuildIndependentTargetsInParallel = 1;
				LastSwiftUpdateCheck = 1330;
				LastUpgradeCheck = 1330;
				TargetAttributes = {
					CCC5E63D282992460079D0C4 = {
						CreatedOnToolsVersion = 13.3.1;
					};
					CCC5E653282992490079D0C4 = {
						CreatedOnToolsVersion = 13.3.1;
						TestTargetID = CCC5E63D282992460079D0C4;
					};
					CCC5E65D282992490079D0C4 = {
						CreatedOnToolsVersion = 13.3.1;
						TestTargetID = CCC5E63D282992460079D0C4;
					};
				};
			};
			buildConfigurationList = CCC5E639282992460079D0C4 /* Build configuration list for PBXProject "NanoMachineLearning" */;
			compatibilityVersion = "Xcode 13.0";
			developmentRegion = en;
			hasScannedForEncodings = 0;
			knownRegions = (
				en,
				Base,
			);
			mainGroup = CCC5E635282992460079D0C4;
			productRefGroup = CCC5E63F282992460079D0C4 /* Products */;
			projectDirPath = "";
			projectRoot = "";
			targets = (
				CCC5E63D282992460079D0C4 /* NanoMachineLearning */,
				CCC5E653282992490079D0C4 /* NanoMachineLearningTests */,
				CCC5E65D282992490079D0C4 /* NanoMachineLearningUITests */,
			);
		};
/* End PBXProject section */

/* Begin PBXResourcesBuildPhase section */
		CCC5E63C282992460079D0C4 /* Resources */ = {
			isa = PBXResourcesBuildPhase;
			buildActionMask = 2147483647;
			files = (
				CCC5E64E282992480079D0C4 /* LaunchScreen.storyboard in Resources */,
				CCC5E64B282992480079D0C4 /* Assets.xcassets in Resources */,
				CCC5E649282992460079D0C4 /* Main.storyboard in Resources */,
			);
			runOnlyForDeploymentPostprocessing = 0;
		};
		CCC5E652282992490079D0C4 /* Resources */ = {
			isa = PBXResourcesBuildPhase;
			buildActionMask = 2147483647;
			files = (
			);
			runOnlyForDeploymentPostprocessing = 0;
		};
		CCC5E65C282992490079D0C4 /* Resources */ = {
			isa = PBXResourcesBuildPhase;
			buildActionMask = 2147483647;
			files = (
			);
			runOnlyForDeploymentPostprocessing = 0;
		};
/* End PBXResourcesBuildPhase section */

/* Begin PBXSourcesBuildPhase section */
		CCC5E63A282992460079D0C4 /* Sources */ = {
			isa = PBXSourcesBuildPhase;
			buildActionMask = 2147483647;
			files = (
				CCC5E646282992460079D0C4 /* ViewController.swift in Sources */,
				CCC5E642282992460079D0C4 /* AppDelegate.swift in Sources */,
				CCC5E644282992460079D0C4 /* SceneDelegate.swift in Sources */,
			);
			runOnlyForDeploymentPostprocessing = 0;
		};
		CCC5E650282992490079D0C4 /* Sources */ = {
			isa = PBXSourcesBuildPhase;
			buildActionMask = 2147483647;
			files = (
				CCC5E659282992490079D0C4 /* NanoMachineLearningTests.swift in Sources */,
			);
			runOnlyForDeploymentPostprocessing = 0;
		};
		CCC5E65A282992490079D0C4 /* Sources */ = {
			isa = PBXSourcesBuildPhase;
			buildActionMask = 2147483647;
			files = (
				CCC5E665282992490079D0C4 /* NanoMachineLearningUITestsLaunchTests.swift in Sources */,
				CCC5E663282992490079D0C4 /* NanoMachineLearningUITests.swift in Sources */,
			);
			runOnlyForDeploymentPostprocessing = 0;
		};
/* End PBXSourcesBuildPhase section */

/* Begin PBXTargetDependency section */
		CCC5E656282992490079D0C4 /* PBXTargetDependency */ = {
			isa = PBXTargetDependency;
			target = CCC5E63D282992460079D0C4 /* NanoMachineLearning */;
			targetProxy = CCC5E655282992490079D0C4 /* PBXContainerItemProxy */;
		};
		CCC5E660282992490079D0C4 /* PBXTargetDependency */ = {
			isa = PBXTargetDependency;
			target = CCC5E63D282992460079D0C4 /* NanoMachineLearning */;
			targetProxy = CCC5E65F282992490079D0C4 /* PBXContainerItemProxy */;
		};
/* End PBXTargetDependency section */

/* Begin PBXVariantGroup section */
		CCC5E647282992460079D0C4 /* Main.storyboard */ = {
			isa = PBXVariantGroup;
			children = (
				CCC5E648282992460079D0C4 /* Base */,
			);
			name = Main.storyboard;
			sourceTree = "<group>";
		};
		CCC5E64C282992480079D0C4 /* LaunchScreen.storyboard */ = {
			isa = PBXVariantGroup;
			children = (
				CCC5E64D282992480079D0C4 /* Base */,
			);
			name = LaunchScreen.storyboard;
			sourceTree = "<group>";
		};
/* End PBXVariantGroup section */

/* Begin XCBuildConfiguration section */
		CCC5E666282992490079D0C4 /* Debug */ = {
			isa = XCBuildConfiguration;
			buildSettings = {
				ALWAYS_SEARCH_USER_PATHS = NO;
				CLANG_ANALYZER_NONNULL = YES;
				CLANG_ANALYZER_NUMBER_OBJECT_CONVERSION = YES_AGGRESSIVE;
				CLANG_CXX_LANGUAGE_STANDARD = "gnu++17";
				CLANG_ENABLE_MODULES = YES;
				CLANG_ENABLE_OBJC_ARC = YES;
				CLANG_ENABLE_OBJC_WEAK = YES;
				CLANG_WARN_BLOCK_CAPTURE_AUTORELEASING = YES;
				CLANG_WARN_BOOL_CONVERSION = YES;
				CLANG_WARN_COMMA = YES;
				CLANG_WARN_CONSTANT_CONVERSION = YES;
				CLANG_WARN_DEPRECATED_OBJC_IMPLEMENTATIONS = YES;
				CLANG_WARN_DIRECT_OBJC_ISA_USAGE = YES_ERROR;
				CLANG_WARN_DOCUMENTATION_COMMENTS = YES;
				CLANG_WARN_EMPTY_BODY = YES;
				CLANG_WARN_ENUM_CONVERSION = YES;
				CLANG_WARN_INFINITE_RECURSION = YES;
				CLANG_WARN_INT_CONVERSION = YES;
				CLANG_WARN_NON_LITERAL_NULL_CONVERSION = YES;
				CLANG_WARN_OBJC_IMPLICIT_RETAIN_SELF = YES;
				CLANG_WARN_OBJC_LITERAL_CONVERSION = YES;
				CLANG_WARN_OBJC_ROOT_CLASS = YES_ERROR;
				CLANG_WARN_QUOTED_INCLUDE_IN_FRAMEWORK_HEADER = YES;
				CLANG_WARN_RANGE_LOOP_ANALYSIS = YES;
				CLANG_WARN_STRICT_PROTOTYPES = YES;
				CLANG_WARN_SUSPICIOUS_MOVE = YES;
				CLANG_WARN_UNGUARDED_AVAILABILITY = YES_AGGRESSIVE;
				CLANG_WARN_UNREACHABLE_CODE = YES;
				CLANG_WARN__DUPLICATE_METHOD_MATCH = YES;
				COPY_PHASE_STRIP = NO;
				DEBUG_INFORMATION_FORMAT = dwarf;
				ENABLE_STRICT_OBJC_MSGSEND = YES;
				ENABLE_TESTABILITY = YES;
				GCC_C_LANGUAGE_STANDARD = gnu11;
				GCC_DYNAMIC_NO_PIC = NO;
				GCC_NO_COMMON_BLOCKS = YES;
				GCC_OPTIMIZATION_LEVEL = 0;
				GCC_PREPROCESSOR_DEFINITIONS = (
					"DEBUG=1",
					"$(inherited)",
				);
				GCC_WARN_64_TO_32_BIT_CONVERSION = YES;
				GCC_WARN_ABOUT_RETURN_TYPE = YES_ERROR;
				GCC_WARN_UNDECLARED_SELECTOR = YES;
				GCC_WARN_UNINITIALIZED_AUTOS = YES_AGGRESSIVE;
				GCC_WARN_UNUSED_FUNCTION = YES;
				GCC_WARN_UNUSED_VARIABLE = YES;
				IPHONEOS_DEPLOYMENT_TARGET = 15.4;
				MTL_ENABLE_DEBUG_INFO = INCLUDE_SOURCE;
				MTL_FAST_MATH = YES;
				ONLY_ACTIVE_ARCH = YES;
				SDKROOT = iphoneos;
				SWIFT_ACTIVE_COMPILATION_CONDITIONS = DEBUG;
				SWIFT_OPTIMIZATION_LEVEL = "-Onone";
			};
			name = Debug;
		};
		CCC5E667282992490079D0C4 /* Release */ = {
			isa = XCBuildConfiguration;
			buildSettings = {
				ALWAYS_SEARCH_USER_PATHS = NO;
				CLANG_ANALYZER_NONNULL = YES;
				CLANG_ANALYZER_NUMBER_OBJECT_CONVERSION = YES_AGGRESSIVE;
				CLANG_CXX_LANGUAGE_STANDARD = "gnu++17";
				CLANG_ENABLE_MODULES = YES;
				CLANG_ENABLE_OBJC_ARC = YES;
				CLANG_ENABLE_OBJC_WEAK = YES;
				CLANG_WARN_BLOCK_CAPTURE_AUTORELEASING = YES;
				CLANG_WARN_BOOL_CONVERSION = YES;
				CLANG_WARN_COMMA = YES;
				CLANG_WARN_CONSTANT_CONVERSION = YES;
				CLANG_WARN_DEPRECATED_OBJC_IMPLEMENTATIONS = YES;
				CLANG_WARN_DIRECT_OBJC_ISA_USAGE = YES_ERROR;
				CLANG_WARN_DOCUMENTATION_COMMENTS = YES;
				CLANG_WARN_EMPTY_BODY = YES;
				CLANG_WARN_ENUM_CONVERSION = YES;
				CLANG_WARN_INFINITE_RECURSION = YES;
				CLANG_WARN_INT_CONVERSION = YES;
				CLANG_WARN_NON_LITERAL_NULL_CONVERSION = YES;
				CLANG_WARN_OBJC_IMPLICIT_RETAIN_SELF = YES;
				CLANG_WARN_OBJC_LITERAL_CONVERSION = YES;
				CLANG_WARN_OBJC_ROOT_CLASS = YES_ERROR;
				CLANG_WARN_QUOTED_INCLUDE_IN_FRAMEWORK_HEADER = YES;
				CLANG_WARN_RANGE_LOOP_ANALYSIS = YES;
				CLANG_WARN_STRICT_PROTOTYPES = YES;
				CLANG_WARN_SUSPICIOUS_MOVE = YES;
				CLANG_WARN_UNGUARDED_AVAILABILITY = YES_AGGRESSIVE;
				CLANG_WARN_UNREACHABLE_CODE = YES;
				CLANG_WARN__DUPLICATE_METHOD_MATCH = YES;
				COPY_PHASE_STRIP = NO;
				DEBUG_INFORMATION_FORMAT = "dwarf-with-dsym";
				ENABLE_NS_ASSERTIONS = NO;
				ENABLE_STRICT_OBJC_MSGSEND = YES;
				GCC_C_LANGUAGE_STANDARD = gnu11;
				GCC_NO_COMMON_BLOCKS = YES;
				GCC_WARN_64_TO_32_BIT_CONVERSION = YES;
				GCC_WARN_ABOUT_RETURN_TYPE = YES_ERROR;
				GCC_WARN_UNDECLARED_SELECTOR = YES;
				GCC_WARN_UNINITIALIZED_AUTOS = YES_AGGRESSIVE;
				GCC_WARN_UNUSED_FUNCTION = YES;
				GCC_WARN_UNUSED_VARIABLE = YES;
				IPHONEOS_DEPLOYMENT_TARGET = 15.4;
				MTL_ENABLE_DEBUG_INFO = NO;
				MTL_FAST_MATH = YES;
				SDKROOT = iphoneos;
				SWIFT_COMPILATION_MODE = wholemodule;
				SWIFT_OPTIMIZATION_LEVEL = "-O";
				VALIDATE_PRODUCT = YES;
			};
			name = Release;
		};
		CCC5E669282992490079D0C4 /* Debug */ = {
			isa = XCBuildConfiguration;
			buildSettings = {
				ASSETCATALOG_COMPILER_APPICON_NAME = AppIcon;
				ASSETCATALOG_COMPILER_GLOBAL_ACCENT_COLOR_NAME = AccentColor;
				CODE_SIGN_STYLE = Automatic;
				CURRENT_PROJECT_VERSION = 1;
				DEVELOPMENT_TEAM = S3769X94PP;
				GENERATE_INFOPLIST_FILE = YES;
				INFOPLIST_FILE = NanoMachineLearning/Info.plist;
				INFOPLIST_KEY_UIApplicationSupportsIndirectInputEvents = YES;
				INFOPLIST_KEY_UILaunchStoryboardName = LaunchScreen;
				INFOPLIST_KEY_UIMainStoryboardFile = Main;
				INFOPLIST_KEY_UISupportedInterfaceOrientations_iPad = "UIInterfaceOrientationPortrait UIInterfaceOrientationPortraitUpsideDown UIInterfaceOrientationLandscapeLeft UIInterfaceOrientationLandscapeRight";
				INFOPLIST_KEY_UISupportedInterfaceOrientations_iPhone = "UIInterfaceOrientationPortrait UIInterfaceOrientationLandscapeLeft UIInterfaceOrientationLandscapeRight";
				LD_RUNPATH_SEARCH_PATHS = (
					"$(inherited)",
					"@executable_path/Frameworks",
				);
				MARKETING_VERSION = 1.0;
				PRODUCT_BUNDLE_IDENTIFIER = "naty.brocca-gmail.com.NanoMachineLearning";
				PRODUCT_NAME = "$(TARGET_NAME)";
				SWIFT_EMIT_LOC_STRINGS = YES;
				SWIFT_VERSION = 5.0;
				TARGETED_DEVICE_FAMILY = "1,2";
			};
			name = Debug;
		};
		CCC5E66A282992490079D0C4 /* Release */ = {
			isa = XCBuildConfiguration;
			buildSettings = {
				ASSETCATALOG_COMPILER_APPICON_NAME = AppIcon;
				ASSETCATALOG_COMPILER_GLOBAL_ACCENT_COLOR_NAME = AccentColor;
				CODE_SIGN_STYLE = Automatic;
				CURRENT_PROJECT_VERSION = 1;
				DEVELOPMENT_TEAM = S3769X94PP;
				GENERATE_INFOPLIST_FILE = YES;
				INFOPLIST_FILE = NanoMachineLearning/Info.plist;
				INFOPLIST_KEY_UIApplicationSupportsIndirectInputEvents = YES;
				INFOPLIST_KEY_UILaunchStoryboardName = LaunchScreen;
				INFOPLIST_KEY_UIMainStoryboardFile = Main;
				INFOPLIST_KEY_UISupportedInterfaceOrientations_iPad = "UIInterfaceOrientationPortrait UIInterfaceOrientationPortraitUpsideDown UIInterfaceOrientationLandscapeLeft UIInterfaceOrientationLandscapeRight";
				INFOPLIST_KEY_UISupportedInterfaceOrientations_iPhone = "UIInterfaceOrientationPortrait UIInterfaceOrientationLandscapeLeft UIInterfaceOrientationLandscapeRight";
				LD_RUNPATH_SEARCH_PATHS = (
					"$(inherited)",
					"@executable_path/Frameworks",
				);
				MARKETING_VERSION = 1.0;
				PRODUCT_BUNDLE_IDENTIFIER = "naty.brocca-gmail.com.NanoMachineLearning";
				PRODUCT_NAME = "$(TARGET_NAME)";
				SWIFT_EMIT_LOC_STRINGS = YES;
				SWIFT_VERSION = 5.0;
				TARGETED_DEVICE_FAMILY = "1,2";
			};
			name = Release;
		};
		CCC5E66C282992490079D0C4 /* Debug */ = {
			isa = XCBuildConfiguration;
			buildSettings = {
				ALWAYS_EMBED_SWIFT_STANDARD_LIBRARIES = YES;
				BUNDLE_LOADER = "$(TEST_HOST)";
				CODE_SIGN_STYLE = Automatic;
				CURRENT_PROJECT_VERSION = 1;
				DEVELOPMENT_TEAM = S3769X94PP;
				GENERATE_INFOPLIST_FILE = YES;
				IPHONEOS_DEPLOYMENT_TARGET = 15.4;
				MARKETING_VERSION = 1.0;
				PRODUCT_BUNDLE_IDENTIFIER = "naty.brocca-gmail.com.NanoMachineLearningTests";
				PRODUCT_NAME = "$(TARGET_NAME)";
				SWIFT_EMIT_LOC_STRINGS = NO;
				SWIFT_VERSION = 5.0;
				TARGETED_DEVICE_FAMILY = "1,2";
				TEST_HOST = "$(BUILT_PRODUCTS_DIR)/NanoMachineLearning.app/NanoMachineLearning";
			};
			name = Debug;
		};
		CCC5E66D282992490079D0C4 /* Release */ = {
			isa = XCBuildConfiguration;
			buildSettings = {
				ALWAYS_EMBED_SWIFT_STANDARD_LIBRARIES = YES;
				BUNDLE_LOADER = "$(TEST_HOST)";
				CODE_SIGN_STYLE = Automatic;
				CURRENT_PROJECT_VERSION = 1;
				DEVELOPMENT_TEAM = S3769X94PP;
				GENERATE_INFOPLIST_FILE = YES;
				IPHONEOS_DEPLOYMENT_TARGET = 15.4;
				MARKETING_VERSION = 1.0;
				PRODUCT_BUNDLE_IDENTIFIER = "naty.brocca-gmail.com.NanoMachineLearningTests";
				PRODUCT_NAME = "$(TARGET_NAME)";
				SWIFT_EMIT_LOC_STRINGS = NO;
				SWIFT_VERSION = 5.0;
				TARGETED_DEVICE_FAMILY = "1,2";
				TEST_HOST = "$(BUILT_PRODUCTS_DIR)/NanoMachineLearning.app/NanoMachineLearning";
			};
			name = Release;
		};
		CCC5E66F282992490079D0C4 /* Debug */ = {
			isa = XCBuildConfiguration;
			buildSettings = {
				ALWAYS_EMBED_SWIFT_STANDARD_LIBRARIES = YES;
				CODE_SIGN_STYLE = Automatic;
				CURRENT_PROJECT_VERSION = 1;
				DEVELOPMENT_TEAM = S3769X94PP;
				GENERATE_INFOPLIST_FILE = YES;
				MARKETING_VERSION = 1.0;
				PRODUCT_BUNDLE_IDENTIFIER = "naty.brocca-gmail.com.NanoMachineLearningUITests";
				PRODUCT_NAME = "$(TARGET_NAME)";
				SWIFT_EMIT_LOC_STRINGS = NO;
				SWIFT_VERSION = 5.0;
				TARGETED_DEVICE_FAMILY = "1,2";
				TEST_TARGET_NAME = NanoMachineLearning;
			};
			name = Debug;
		};
		CCC5E670282992490079D0C4 /* Release */ = {
			isa = XCBuildConfiguration;
			buildSettings = {
				ALWAYS_EMBED_SWIFT_STANDARD_LIBRARIES = YES;
				CODE_SIGN_STYLE = Automatic;
				CURRENT_PROJECT_VERSION = 1;
				DEVELOPMENT_TEAM = S3769X94PP;
				GENERATE_INFOPLIST_FILE = YES;
				MARKETING_VERSION = 1.0;
				PRODUCT_BUNDLE_IDENTIFIER = "naty.brocca-gmail.com.NanoMachineLearningUITests";
				PRODUCT_NAME = "$(TARGET_NAME)";
				SWIFT_EMIT_LOC_STRINGS = NO;
				SWIFT_VERSION = 5.0;
				TARGETED_DEVICE_FAMILY = "1,2";
				TEST_TARGET_NAME = NanoMachineLearning;
			};
			name = Release;
		};
/* End XCBuildConfiguration section */

/* Begin XCConfigurationList section */
		CCC5E639282992460079D0C4 /* Build configuration list for PBXProject "NanoMachineLearning" */ = {
			isa = XCConfigurationList;
			buildConfigurations = (
				CCC5E666282992490079D0C4 /* Debug */,
				CCC5E667282992490079D0C4 /* Release */,
			);
			defaultConfigurationIsVisible = 0;
			defaultConfigurationName = Release;
		};
		CCC5E668282992490079D0C4 /* Build configuration list for PBXNativeTarget "NanoMachineLearning" */ = {
			isa = XCConfigurationList;
			buildConfigurations = (
				CCC5E669282992490079D0C4 /* Debug */,
				CCC5E66A282992490079D0C4 /* Release */,
			);
			defaultConfigurationIsVisible = 0;
			defaultConfigurationName = Release;
		};
		CCC5E66B282992490079D0C4 /* Build configuration list for PBXNativeTarget "NanoMachineLearningTests" */ = {
			isa = XCConfigurationList;
			buildConfigurations = (
				CCC5E66C282992490079D0C4 /* Debug */,
				CCC5E66D282992490079D0C4 /* Release */,
			);
			defaultConfigurationIsVisible = 0;
			defaultConfigurationName = Release;
		};
		CCC5E66E282992490079D0C4 /* Build configuration list for PBXNativeTarget "NanoMachineLearningUITests" */ = {
			isa = XCConfigurationList;
			buildConfigurations = (
				CCC5E66F282992490079D0C4 /* Debug */,
				CCC5E670282992490079D0C4 /* Release */,
			);
			defaultConfigurationIsVisible = 0;
			defaultConfigurationName = Release;
		};
/* End XCConfigurationList section */
	};
	rootObject = CCC5E636282992460079D0C4 /* Project object */;
}
